{
    "_meta": {
        "hash": {
            "sha256": "14be1000eb1c588d4cb4aed5dcb1cdb268b0ef3b7f3d3e8203dcb5e40cf00083"
        },
        "pipfile-spec": 6,
        "requires": {
            "python_version": "3.6"
        },
        "sources": [
            {
                "name": "pypi",
                "url": "https://pypi.org/simple",
                "verify_ssl": true
            }
        ]
    },
    "default": {
        "click": {
            "hashes": [
                "sha256:2335065e6395b9e67ca716de5f7526736bfa6ceead690adf616d925bdc622b13",
                "sha256:5b94b49521f6456670fdb30cd82a4eca9412788a93fa6dd6df72c94d5a8ff2d7"
            ],
            "index": "pypi",
            "version": "==7.0"
        },
        "dbus-python": {
            "hashes": [
                "sha256:abf12bbb765e300bf8e2a1b2f32f85949eab06998dbda127952c31cb63957b6f"
            ],
            "index": "pypi",
            "version": "==1.2.8"
        },
        "gatt": {
            "hashes": [
                "sha256:626d9de24a178b6eaff78c31b0bd29f962681da7caf18eb20363f6288d014e3a"
            ],
            "index": "pypi",
            "version": "==0.2.7"
        },
        "ruamel.yaml": {
            "hashes": [
                "sha256:0db639b1b2742dae666c6fc009b8d1931ef15c9276ef31c0673cc6dcf766cf40",
                "sha256:412a6f5cfdc0525dee6a27c08f5415c7fd832a7afcb7a0ed7319628aed23d408"
            ],
            "version": "==0.16.5"
        },
        "ruamel.yaml.clib": {
            "hashes": [
                "sha256:0bbe19d3e099f8ba384e1846e6b54f245f58aeec8700edbbf9abb87afa54fd82",
                "sha256:2f38024592613f3a8772bbc2904be027d9abf463518ba145f2d0c8e6da27009f",
                "sha256:44449b3764a3f75815eea8ae5930b98e8326be64a90b0f782747318f861abfe0",
                "sha256:5710be9a357801c31c1eaa37b9bc92d38176d785af5b2f0c9751385c5dc9659a",
                "sha256:5a089acb6833ed5f412e24cbe3e665683064c1429824d2819137b5ade54435c3",
                "sha256:6143386ddd61599ea081c012a69a16e5bdd7b3c6c231bd039534365a48940f30",
                "sha256:6726aaf851f5f9e4cbdd3e1e414bc700bdd39220e8bc386415fd41c87b1b53c2",
                "sha256:68fbc3b5d94d145a391452f886ae5fca240cb7e3ab6bd66e1a721507cdaac28a",
                "sha256:75ebddf99ba9e0b48f32b5bdcf9e5a2b84c017da9e0db7bf11995fa414aa09cd",
                "sha256:79948a6712baa686773a43906728e20932c923f7b2a91be7347993be2d745e55",
                "sha256:8a2dd8e8b08d369558cade05731172c4b5e2f4c5097762c6b352bd28fd9f9dc4",
                "sha256:c747acdb5e8c242ab2280df6f0c239e62838af4bee647031d96b3db2f9cefc04",
                "sha256:cadc8eecd27414dca30366b2535cb5e3f3b47b4e2d6be7a0b13e4e52e459ff9f",
                "sha256:cee86ecc893a6a8ecaa7c6a9c2d06f75f614176210d78a5f155f8e78d6989509",
                "sha256:e59af39e895aff28ee5f55515983cab3466d1a029c91c04db29da1c0f09cf333",
                "sha256:eee7ecd2eee648884fae6c51ae50c814acdcc5d6340dc96c970158aebcd25ac6",
                "sha256:ef8d4522d231cb9b29f6cdd0edc8faac9d9715c60dc7becbd6eb82c915a98e5b",
                "sha256:f504d45230cc9abf2810623b924ae048b224a90adb01f97db4e766cfdda8e6eb"
            ],
            "markers": "platform_python_implementation == 'CPython' and python_version < '3.8'",
            "version": "==0.1.2"
        },
        "vext": {
            "hashes": [
                "sha256:57f1926740e1a4a7287122386f176dc70f50941ce7d7fa0aa2a5c6ec8ba2dbd8"
            ],
            "index": "pypi",
            "version": "==0.7.3"
        }
    },
    "develop": {
        "autopep8": {
            "hashes": [
                "sha256:4d8eec30cc81bc5617dbf1218201d770dc35629363547f17577c61683ccfb3ee"
            ],
            "index": "pypi",
            "version": "==1.4.4"
        },
        "entrypoints": {
            "hashes": [
                "sha256:589f874b313739ad35be6e0cd7efde2a4e9b6fea91edcc34e58ecbb8dbe56d19",
                "sha256:c70dd71abe5a8c85e55e12c19bd91ccfeec11a6e99044204511f9ed547d48451"
            ],
            "version": "==0.3"
        },
        "flake8": {
            "hashes": [
                "sha256:19241c1cbc971b9962473e4438a2ca19749a7dd002dd1a946eaba171b4114548",
                "sha256:8e9dfa3cecb2400b3738a42c54c3043e821682b9c840b0448c0503f781130696"
            ],
            "index": "pypi",
            "version": "==3.7.8"
        },
        "mccabe": {
            "hashes": [
                "sha256:ab8a6258860da4b6677da4bd2fe5dc2c659cff31b3ee4f7f5d64e79735b80d42",
                "sha256:dd8d182285a0fe56bace7f45b5e7d1a6ebcbf524e8f3bd87eb0f125271b8831f"
            ],
            "version": "==0.6.1"
        },
        "pycodestyle": {
            "hashes": [
                "sha256:95a2219d12372f05704562a14ec30bc76b05a5b297b21a5dfe3f6fac3491ae56",
                "sha256:e40a936c9a450ad81df37f549d676d127b1b66000a6c500caa2b085bc0ca976c"
            ],
            "version": "==2.5.0"
        },
        "pyflakes": {
            "hashes": [
                "sha256:17dbeb2e3f4d772725c777fabc446d5634d1038f234e77343108ce445ea69ce0",
                "sha256:d976835886f8c5b31d47970ed689944a0262b5f3afa00a5a7b4dc81e5449f8a2"
            ],
            "version": "==2.1.1"
        }
    }
}
